
Microsoft Visual Studio Solution File, Format Version 12.00
# Visual Studio Version 16
VisualStudioVersion = 16.0.30330.147
MinimumVisualStudioVersion = 10.0.40219.1
Project("{FAE04EC0-301F-11D3-BF4B-00C04F79EFBC}") = "WebApplication_Week12", "WebApplication_Week12\WebApplication_Week12.csproj", "{519EA1CC-DC2F-484B-8546-78857EABF5A0}"
EndProject
Project("{FAE04EC0-301F-11D3-BF4B-00C04F79EFBC}") = "DAL", "DAL\DAL.csproj", "{B335BE40-8F26-4FD9-9362-292398E7853D}"
EndProject
Project("{FAE04EC0-301F-11D3-BF4B-00C04F79EFBC}") = "BLL", "BLL\BLL.csproj", "{BC86907E-510B-4C75-97F8-EF338A626320}"
EndProject
Global
	GlobalSection(SolutionConfigurationPlatforms) = preSolution
		Debug|Any CPU = Debug|Any CPU
		Release|Any CPU = Release|Any CPU
	EndGlobalSection
	GlobalSection(ProjectConfigurationPlatforms) = postSolution
		{519EA1CC-DC2F-484B-8546-78857EABF5A0}.Debug|Any CPU.ActiveCfg = Debug|Any CPU
		{519EA1CC-DC2F-484B-8546-78857EABF5A0}.Debug|Any CPU.Build.0 = Debug|Any CPU
		{519EA1CC-DC2F-484B-8546-78857EABF5A0}.Release|Any CPU.ActiveCfg = Release|Any CPU
		{519EA1CC-DC2F-484B-8546-78857EABF5A0}.Release|Any CPU.Build.0 = Release|Any CPU
		{B335BE40-8F26-4FD9-9362-292398E7853D}.Debug|Any CPU.ActiveCfg = Debug|Any CPU
		{B335BE40-8F26-4FD9-9362-292398E7853D}.Debug|Any CPU.Build.0 = Debug|Any CPU
		{B335BE40-8F26-4FD9-9362-292398E7853D}.Release|Any CPU.ActiveCfg = Release|Any CPU
		{B335BE40-8F26-4FD9-9362-292398E7853D}.Release|Any CPU.Build.0 = Release|Any CPU
		{BC86907E-510B-4C75-97F8-EF338A626320}.Debug|Any CPU.ActiveCfg = Debug|Any CPU
		{BC86907E-510B-4C75-97F8-EF338A626320}.Debug|Any CPU.Build.0 = Debug|Any CPU
		{BC86907E-510B-4C75-97F8-EF338A626320}.Release|Any CPU.ActiveCfg = Release|Any CPU
		{BC86907E-510B-4C75-97F8-EF338A626320}.Release|Any CPU.Build.0 = Release|Any CPU
	EndGlobalSection
	GlobalSection(SolutionProperties) = preSolution
		HideSolutionNode = FALSE
	EndGlobalSection
	GlobalSection(ExtensibilityGlobals) = postSolution
		SolutionGuid = {6937D871-45F4-486D-8B59-93AF122930E4}
	EndGlobalSection
EndGlobal
